{
    "_readme": [
        "This file locks the dependencies of your project to a known state",
        "Read more about it at https://getcomposer.org/doc/01-basic-usage.md#composer-lock-the-lock-file",
        "This file is @generated automatically"
    ],
    "hash": "ab11855e302578967a425d7814e8f436",
    "content-hash": "f5cc80ca597fd9d00d70c35998c9f57d",
    "packages": [
        {
            "name": "poirot/api-client",
            "version": "dev-master",
            "target-dir": "Poirot/ApiClient",
            "source": {
                "type": "git",
                "url": "https://github.com/phPoirot/ApiClient.git",
                "reference": "ee6d400996d79386effab2c4f81e7cf2dff9a412"
            },
            "dist": {
                "type": "zip",
                "url": "https://api.github.com/repos/phPoirot/ApiClient/zipball/ee6d400996d79386effab2c4f81e7cf2dff9a412",
                "reference": "ee6d400996d79386effab2c4f81e7cf2dff9a412",
                "shasum": ""
            },
            "require": {
                "poirot/core": "dev-master"
            },
            "type": "library",
            "autoload": {
                "psr-0": {
                    "Poirot\\ApiClient": "."
                }
            },
            "notification-url": "https://packagist.org/downloads/",
            "authors": [
                {
                    "name": "Payam Naderi",
                    "email": "naderi.payam@gmail.com",
                    "role": "Developer"
                }
            ],
            "description": "Make Connection To Different Servers, Execute Commands and Get Response.",
            "time": "2016-01-12 11:15:24"
        },
        {
            "name": "poirot/core",
            "version": "dev-master",
            "target-dir": "Poirot/Core",
            "source": {
                "type": "git",
                "url": "https://github.com/phPoirot/Core.git",
                "reference": "63b3636a7891ff4cec1866eb6b6cc5bbc597839a"
            },
            "dist": {
                "type": "zip",
                "url": "https://api.github.com/repos/phPoirot/Core/zipball/63b3636a7891ff4cec1866eb6b6cc5bbc597839a",
                "reference": "63b3636a7891ff4cec1866eb6b6cc5bbc597839a",
                "shasum": ""
            },
            "type": "library",
            "autoload": {
                "psr-0": {
                    "Poirot\\Core": "."
                },
                "files": [
                    "Core.php"
                ]
            },
            "notification-url": "https://packagist.org/downloads/",
            "authors": [
                {
                    "name": "Payam Naderi",
                    "email": "naderi.payam@gmail.com",
                    "role": "Developer"
                }
            ],
            "description": "Poirot Base Functionalities",
            "time": "2016-01-06 15:27:10"
        }
    ],
    "packages-dev": [],
    "aliases": [],
    "minimum-stability": "stable",
    "stability-flags": {
        "poirot/core": 20,
        "poirot/api-client": 20
    },
    "prefer-stable": false,
    "prefer-lowest": false,
    "platform": {
        "php": ">=5.5.0"
    },
    "platform-dev": []
}
